
Microsoft Visual Studio Solution File, Format Version 12.00
# Visual Studio Version 17
VisualStudioVersion = 17.14.36109.1
MinimumVisualStudioVersion = 10.0.40219.1
Project("{FAE04EC0-301F-11D3-BF4B-00C04F79EFBC}") = "Serilog.Sinks.GoogleAnalytics", "Serilog.Sinks.GoogleAnalytics\Serilog.Sinks.GoogleAnalytics.csproj", "{C6AF3671-81A8-50CF-88E4-A7055C931834}"
EndProject
Project("{FAE04EC0-301F-11D3-BF4B-00C04F79EFBC}") = "Serilog.Sinks.GoogleAnalytics.Tests", "Serilog.Sinks.GoogleAnalytics.Tests\Serilog.Sinks.GoogleAnalytics.Tests.csproj", "{247EA786-DFF8-BFB1-557B-B8C1214A5AB0}"
EndProject
Project("{FAE04EC0-301F-11D3-BF4B-00C04F79EFBC}") = "WpfTestApp", "WpfTestApp\WpfTestApp.csproj", "{39BD3199-8BC8-36E1-DE74-E54F743C08B1}"
EndProject
Project("{9A19103F-16F7-4668-BE54-9A1E7A4F7556}") = "_build", "build\_build.csproj", "{EDB6D421-3F22-44D0-BE63-34549272662C}"
EndProject
Global
	GlobalSection(SolutionConfigurationPlatforms) = preSolution
		Debug|Any CPU = Debug|Any CPU
		Release|Any CPU = Release|Any CPU
	EndGlobalSection
	GlobalSection(ProjectConfigurationPlatforms) = postSolution
		{C6AF3671-81A8-50CF-88E4-A7055C931834}.Debug|Any CPU.ActiveCfg = Debug|Any CPU
		{C6AF3671-81A8-50CF-88E4-A7055C931834}.Debug|Any CPU.Build.0 = Debug|Any CPU
		{C6AF3671-81A8-50CF-88E4-A7055C931834}.Release|Any CPU.ActiveCfg = Release|Any CPU
		{C6AF3671-81A8-50CF-88E4-A7055C931834}.Release|Any CPU.Build.0 = Release|Any CPU
		{247EA786-DFF8-BFB1-557B-B8C1214A5AB0}.Debug|Any CPU.ActiveCfg = Debug|Any CPU
		{247EA786-DFF8-BFB1-557B-B8C1214A5AB0}.Debug|Any CPU.Build.0 = Debug|Any CPU
		{247EA786-DFF8-BFB1-557B-B8C1214A5AB0}.Release|Any CPU.ActiveCfg = Release|Any CPU
		{247EA786-DFF8-BFB1-557B-B8C1214A5AB0}.Release|Any CPU.Build.0 = Release|Any CPU
		{39BD3199-8BC8-36E1-DE74-E54F743C08B1}.Debug|Any CPU.ActiveCfg = Debug|Any CPU
		{39BD3199-8BC8-36E1-DE74-E54F743C08B1}.Debug|Any CPU.Build.0 = Debug|Any CPU
		{39BD3199-8BC8-36E1-DE74-E54F743C08B1}.Release|Any CPU.ActiveCfg = Release|Any CPU
		{EDB6D421-3F22-44D0-BE63-34549272662C}.Debug|Any CPU.ActiveCfg = Debug|Any CPU
		{EDB6D421-3F22-44D0-BE63-34549272662C}.Release|Any CPU.ActiveCfg = Release|Any CPU
	EndGlobalSection
	GlobalSection(SolutionProperties) = preSolution
		HideSolutionNode = FALSE
	EndGlobalSection
	GlobalSection(ExtensibilityGlobals) = postSolution
		SolutionGuid = {BC35F348-05D7-43F6-8DA0-4F28564390FE}
	EndGlobalSection
EndGlobal
